
Microsoft Visual Studio Solution File, Format Version 12.00
# Visual Studio 15
VisualStudioVersion = 15.0.27428.2037
MinimumVisualStudioVersion = 10.0.40219.1
Project("{E24C65DC-7377-472B-9ABA-BC803B73C61A}") = "Kyle_Diablo_Website_Project", "Kyle_Diablo_Website_Project\", "{6432B856-D26A-42EA-ABC5-ECF48AD96DA1}"
	ProjectSection(WebsiteProperties) = preProject
		TargetFrameworkMoniker = ".NETFramework,Version%3Dv4.6.1"
		Debug.AspNetCompiler.VirtualPath = "/localhost_50551"
		Debug.AspNetCompiler.PhysicalPath = "Kyle_Diablo_Website_Project\"
		Debug.AspNetCompiler.TargetPath = "PrecompiledWeb\localhost_50551\"
		Debug.AspNetCompiler.Updateable = "true"
		Debug.AspNetCompiler.ForceOverwrite = "true"
		Debug.AspNetCompiler.FixedNames = "false"
		Debug.AspNetCompiler.Debug = "True"
		Release.AspNetCompiler.VirtualPath = "/localhost_50551"
		Release.AspNetCompiler.PhysicalPath = "Kyle_Diablo_Website_Project\"
		Release.AspNetCompiler.TargetPath = "PrecompiledWeb\localhost_50551\"
		Release.AspNetCompiler.Updateable = "true"
		Release.AspNetCompiler.ForceOverwrite = "true"
		Release.AspNetCompiler.FixedNames = "false"
		Release.AspNetCompiler.Debug = "False"
		VWDPort = "50551"
		SlnRelativePath = "Kyle_Diablo_Website_Project\"
		DefaultWebSiteLanguage = "Visual C#"
	EndProjectSection
EndProject
Global
	GlobalSection(SolutionConfigurationPlatforms) = preSolution
		Debug|Any CPU = Debug|Any CPU
	EndGlobalSection
	GlobalSection(ProjectConfigurationPlatforms) = postSolution
		{6432B856-D26A-42EA-ABC5-ECF48AD96DA1}.Debug|Any CPU.ActiveCfg = Debug|Any CPU
		{6432B856-D26A-42EA-ABC5-ECF48AD96DA1}.Debug|Any CPU.Build.0 = Debug|Any CPU
	EndGlobalSection
	GlobalSection(SolutionProperties) = preSolution
		HideSolutionNode = FALSE
	EndGlobalSection
	GlobalSection(ExtensibilityGlobals) = postSolution
		SolutionGuid = {0FA80D5F-F4B5-4854-9AC1-B3B39A5CFF68}
	EndGlobalSection
EndGlobal
